<Solution>
  <Folder Name="/src/">
    <Project Path="src/PasswordGenerator.API/PasswordGenerator.API.csproj" />
    <Project Path="src/PasswordGenerator.Application/PasswordGenerator.Application.csproj" />
    <Project Path="src/PasswordGenerator.Domain/PasswordGenerator.Domain.csproj" />
    <Project Path="src/PasswordGenerator.Infrastructure/PasswordGenerator.Infrastructure.csproj" />
    <Project Path="src/PasswordGenerator.Web/PasswordGenerator.Web.csproj" />
  </Folder>
</Solution>
